# This file is automatically @generated by Cargo.
# It is not intended for manual editing.
version = 4

[[package]]
name = "xact-agent"
version = "0.1.0"

[[package]]
name = "xact-ast"
version = "0.1.0"

[[package]]
name = "xact-bank"
version = "0.1.0"

[[package]]
name = "xact-bound"
version = "0.1.0"

[[package]]
name = "xact-cli"
version = "0.1.0"
dependencies = [
 "xact-ast",
 "xact-core",
]

[[package]]
name = "xact-completion"
version = "0.1.0"
dependencies = [
 "xact-parser",
]

[[package]]
name = "xact-core"
version = "0.1.0"
dependencies = [
 "xact-ast",
 "xact-completion",
 "xact-diagnostics",
 "xact-parser",
 "xact-reference",
 "xact-semantic",
]

[[package]]
name = "xact-diagnostics"
version = "0.1.0"
dependencies = [
 "xact-ast",
]

[[package]]
name = "xact-executor"
version = "0.1.0"

[[package]]
name = "xact-lexer"
version = "0.1.0"
dependencies = [
 "xact-ast",
]

[[package]]
name = "xact-parser"
version = "0.1.0"
dependencies = [
 "xact-ast",
 "xact-diagnostics",
 "xact-lexer",
]

[[package]]
name = "xact-planner"
version = "0.1.0"

[[package]]
name = "xact-policy"
version = "0.1.0"

[[package]]
name = "xact-process"
version = "0.1.0"

[[package]]
name = "xact-reference"
version = "0.1.0"
dependencies = [
 "xact-ast",
]

[[package]]
name = "xact-resource"
version = "0.1.0"

[[package]]
name = "xact-semantic"
version = "0.1.0"
dependencies = [
 "xact-ast",
 "xact-diagnostics",
 "xact-reference",
]

[[package]]
name = "xact-team"
version = "0.1.0"

[[package]]
name = "xact-terminal"
version = "0.1.0"
